
Microsoft Visual Studio Solution File, Format Version 12.00
# Visual Studio Version 17
VisualStudioVersion = 17.11.35431.28
MinimumVisualStudioVersion = 10.0.40219.1
Project("{2150E333-8FDC-42A3-9474-1A3956D46DE8}") = "01. ClientManagement", "01. ClientManagement", "{66D52AD1-E749-4E98-A615-275090CA1982}"
EndProject
Project("{2150E333-8FDC-42A3-9474-1A3956D46DE8}") = "02. AccountManagement", "02. AccountManagement", "{CF2C729B-CFCC-467D-A1DC-8FE9062E2607}"
EndProject
Project("{2150E333-8FDC-42A3-9474-1A3956D46DE8}") = "03. Common", "03. Common", "{DABA298B-F75F-4246-9ADB-2BC0A5DD7131}"
EndProject
Project("{2150E333-8FDC-42A3-9474-1A3956D46DE8}") = "01. API", "01. API", "{719D1C81-5777-452A-8CE6-18A87982B8E1}"
EndProject
Project("{2150E333-8FDC-42A3-9474-1A3956D46DE8}") = "02. Domain", "02. Domain", "{56B94829-D11E-41D0-A3D9-4FC7E7466E19}"
EndProject
Project("{2150E333-8FDC-42A3-9474-1A3956D46DE8}") = "03. Application", "03. Application", "{D124FDDC-E48D-4722-94F3-C7EC250A5222}"
EndProject
Project("{2150E333-8FDC-42A3-9474-1A3956D46DE8}") = "04. Infraestructure", "04. Infraestructure", "{9EF64A4A-8232-44F1-BA81-A101891CE078}"
EndProject
Project("{2150E333-8FDC-42A3-9474-1A3956D46DE8}") = "05. Tests", "05. Tests", "{62D894E4-413B-4F7F-9E0B-7F3700272B12}"
EndProject
Project("{2150E333-8FDC-42A3-9474-1A3956D46DE8}") = "01. API", "01. API", "{B04416D2-A3B4-4D93-BC89-B299E491A636}"
EndProject
Project("{2150E333-8FDC-42A3-9474-1A3956D46DE8}") = "02. Domain", "02. Domain", "{30F8EB6A-B72A-4C0F-94BD-5DFEF5FC88B3}"
EndProject
Project("{2150E333-8FDC-42A3-9474-1A3956D46DE8}") = "03. Application", "03. Application", "{D2DEF295-917E-479F-94A9-4CDC32418D5F}"
EndProject
Project("{2150E333-8FDC-42A3-9474-1A3956D46DE8}") = "04. Infraestructure", "04. Infraestructure", "{F6E67264-FFD2-4385-AA00-02F01E4BCC84}"
EndProject
Project("{2150E333-8FDC-42A3-9474-1A3956D46DE8}") = "05. Tests", "05. Tests", "{52A5AEE4-39C6-42CC-A5AA-E1904A3E410D}"
EndProject
Project("{FAE04EC0-301F-11D3-BF4B-00C04F79EFBC}") = "ClientMgmt.WebApi", "src\ClientMgmt.WebApi\ClientMgmt.WebApi.csproj", "{A0136955-9E30-45E0-AF80-006CB9E5FA83}"
EndProject
Project("{FAE04EC0-301F-11D3-BF4B-00C04F79EFBC}") = "ClientMgmt.Domain", "src\ClientMgmt.Domain\ClientMgmt.Domain.csproj", "{6E458DF5-9FFA-4B5B-ACBD-EACC40D06454}"
EndProject
Project("{FAE04EC0-301F-11D3-BF4B-00C04F79EFBC}") = "ClientMgmt.Application", "src\ClientMgmt.Application\ClientMgmt.Application.csproj", "{8D6A6696-934F-451F-8842-618057E16088}"
EndProject
Project("{FAE04EC0-301F-11D3-BF4B-00C04F79EFBC}") = "AccountMgmt.WebApi", "src\AccountMgmt.WebApi\AccountMgmt.WebApi.csproj", "{D6B4F456-5D69-427E-B3FF-70B2AD4CD530}"
EndProject
Project("{FAE04EC0-301F-11D3-BF4B-00C04F79EFBC}") = "AccountMgmt.Domain", "src\AccountMgmt.Domain\AccountMgmt.Domain.csproj", "{C3C29182-A914-4F49-BABF-47F535416B2C}"
EndProject
Project("{FAE04EC0-301F-11D3-BF4B-00C04F79EFBC}") = "AccountMgmt.Application", "src\AccountMgmt.Application\AccountMgmt.Application.csproj", "{F104772C-75FA-4CFE-A08C-92DD4D78790A}"
EndProject
Project("{FAE04EC0-301F-11D3-BF4B-00C04F79EFBC}") = "ClientMgmt.Infraestructure", "src\ClientMgmt.Infraestructure\ClientMgmt.Infraestructure.csproj", "{CB6CD4F5-C5C5-4746-9258-07D596226028}"
EndProject
Project("{FAE04EC0-301F-11D3-BF4B-00C04F79EFBC}") = "AccountMgmt.Infraestructure", "src\AccountMgmt.Infraestructure\AccountMgmt.Infraestructure.csproj", "{E724A4F1-BA0B-4914-AF01-D0CC4580EAA2}"
EndProject
Project("{2150E333-8FDC-42A3-9474-1A3956D46DE8}") = "00. gateway", "00. gateway", "{EA883D05-35B3-435D-894E-2FA4A9197771}"
EndProject
Project("{FAE04EC0-301F-11D3-BF4B-00C04F79EFBC}") = "Api.Gateway.WebClient", "src\Api.Gateway.WebClient\Api.Gateway.WebClient.csproj", "{E6A8EC54-201E-4EB6-A587-B5730EE6B754}"
EndProject
Project("{FAE04EC0-301F-11D3-BF4B-00C04F79EFBC}") = "Api.Gateway.WebClient.Proxies", "src\Api.Gateway.WebClient.Proxies\Api.Gateway.WebClient.Proxies.csproj", "{C317A4E3-5EC2-4F60-ADDB-4C4013CC0DC7}"
EndProject
Project("{FAE04EC0-301F-11D3-BF4B-00C04F79EFBC}") = "Api.Gateway.WebClient.Models", "src\Api.Gateway.WebClient.Models\Api.Gateway.WebClient.Models.csproj", "{92D5D0A0-78BA-4832-97A4-C95C154198E2}"
EndProject
Project("{FAE04EC0-301F-11D3-BF4B-00C04F79EFBC}") = "AccountMgmt.UnitTest", "src\AccountMgmt.UnitTest\AccountMgmt.UnitTest.csproj", "{66F56408-FC78-49D0-9FE8-143520B63880}"
EndProject
Project("{FAE04EC0-301F-11D3-BF4B-00C04F79EFBC}") = "ClientMgmt.UnitTest", "src\ClientMgmt.UnitTest\ClientMgmt.UnitTest.csproj", "{700E6764-D4CE-44FF-8660-F8B8BAB1A110}"
EndProject
Project("{E53339B2-1760-4266-BCC7-CA923CBCF16C}") = "docker-compose", "docker-compose.dcproj", "{20745CAA-566B-43F7-A963-A86FF4E03862}"
EndProject
Project("{2150E333-8FDC-42A3-9474-1A3956D46DE8}") = "06. Docs", "06. Docs", "{7A2ADB42-9E4D-4FC7-A773-E59CE1EBFD7D}"
	ProjectSection(SolutionItems) = preProject
		README.md = README.md
	EndProjectSection
EndProject
Project("{2150E333-8FDC-42A3-9474-1A3956D46DE8}") = "04. DB", "04. DB", "{2719949C-4150-4D52-AE83-19A8A8523FA5}"
	ProjectSection(SolutionItems) = preProject
		db\BaseDatos.sql = db\BaseDatos.sql
	EndProjectSection
EndProject
Project("{2150E333-8FDC-42A3-9474-1A3956D46DE8}") = "05. Postman", "05. Postman", "{C4AA3EFF-0FC7-45BB-8A01-5D3137990243}"
	ProjectSection(SolutionItems) = preProject
		postman\BankService.postman_collection.json = postman\BankService.postman_collection.json
		postman\BankServiceEnv_Dev.postman_environment.json = postman\BankServiceEnv_Dev.postman_environment.json
		postman\BankServiceEnv_Docker.postman_environment.json = postman\BankServiceEnv_Docker.postman_environment.json
	EndProjectSection
EndProject
Global
	GlobalSection(SolutionConfigurationPlatforms) = preSolution
		Debug|Any CPU = Debug|Any CPU
		Release|Any CPU = Release|Any CPU
	EndGlobalSection
	GlobalSection(ProjectConfigurationPlatforms) = postSolution
		{A0136955-9E30-45E0-AF80-006CB9E5FA83}.Debug|Any CPU.ActiveCfg = Debug|Any CPU
		{A0136955-9E30-45E0-AF80-006CB9E5FA83}.Debug|Any CPU.Build.0 = Debug|Any CPU
		{A0136955-9E30-45E0-AF80-006CB9E5FA83}.Release|Any CPU.ActiveCfg = Release|Any CPU
		{A0136955-9E30-45E0-AF80-006CB9E5FA83}.Release|Any CPU.Build.0 = Release|Any CPU
		{6E458DF5-9FFA-4B5B-ACBD-EACC40D06454}.Debug|Any CPU.ActiveCfg = Debug|Any CPU
		{6E458DF5-9FFA-4B5B-ACBD-EACC40D06454}.Debug|Any CPU.Build.0 = Debug|Any CPU
		{6E458DF5-9FFA-4B5B-ACBD-EACC40D06454}.Release|Any CPU.ActiveCfg = Release|Any CPU
		{6E458DF5-9FFA-4B5B-ACBD-EACC40D06454}.Release|Any CPU.Build.0 = Release|Any CPU
		{8D6A6696-934F-451F-8842-618057E16088}.Debug|Any CPU.ActiveCfg = Debug|Any CPU
		{8D6A6696-934F-451F-8842-618057E16088}.Debug|Any CPU.Build.0 = Debug|Any CPU
		{8D6A6696-934F-451F-8842-618057E16088}.Release|Any CPU.ActiveCfg = Release|Any CPU
		{8D6A6696-934F-451F-8842-618057E16088}.Release|Any CPU.Build.0 = Release|Any CPU
		{D6B4F456-5D69-427E-B3FF-70B2AD4CD530}.Debug|Any CPU.ActiveCfg = Debug|Any CPU
		{D6B4F456-5D69-427E-B3FF-70B2AD4CD530}.Debug|Any CPU.Build.0 = Debug|Any CPU
		{D6B4F456-5D69-427E-B3FF-70B2AD4CD530}.Release|Any CPU.ActiveCfg = Release|Any CPU
		{D6B4F456-5D69-427E-B3FF-70B2AD4CD530}.Release|Any CPU.Build.0 = Release|Any CPU
		{C3C29182-A914-4F49-BABF-47F535416B2C}.Debug|Any CPU.ActiveCfg = Debug|Any CPU
		{C3C29182-A914-4F49-BABF-47F535416B2C}.Debug|Any CPU.Build.0 = Debug|Any CPU
		{C3C29182-A914-4F49-BABF-47F535416B2C}.Release|Any CPU.ActiveCfg = Release|Any CPU
		{C3C29182-A914-4F49-BABF-47F535416B2C}.Release|Any CPU.Build.0 = Release|Any CPU
		{F104772C-75FA-4CFE-A08C-92DD4D78790A}.Debug|Any CPU.ActiveCfg = Debug|Any CPU
		{F104772C-75FA-4CFE-A08C-92DD4D78790A}.Debug|Any CPU.Build.0 = Debug|Any CPU
		{F104772C-75FA-4CFE-A08C-92DD4D78790A}.Release|Any CPU.ActiveCfg = Release|Any CPU
		{F104772C-75FA-4CFE-A08C-92DD4D78790A}.Release|Any CPU.Build.0 = Release|Any CPU
		{CB6CD4F5-C5C5-4746-9258-07D596226028}.Debug|Any CPU.ActiveCfg = Debug|Any CPU
		{CB6CD4F5-C5C5-4746-9258-07D596226028}.Debug|Any CPU.Build.0 = Debug|Any CPU
		{CB6CD4F5-C5C5-4746-9258-07D596226028}.Release|Any CPU.ActiveCfg = Release|Any CPU
		{CB6CD4F5-C5C5-4746-9258-07D596226028}.Release|Any CPU.Build.0 = Release|Any CPU
		{E724A4F1-BA0B-4914-AF01-D0CC4580EAA2}.Debug|Any CPU.ActiveCfg = Debug|Any CPU
		{E724A4F1-BA0B-4914-AF01-D0CC4580EAA2}.Debug|Any CPU.Build.0 = Debug|Any CPU
		{E724A4F1-BA0B-4914-AF01-D0CC4580EAA2}.Release|Any CPU.ActiveCfg = Release|Any CPU
		{E724A4F1-BA0B-4914-AF01-D0CC4580EAA2}.Release|Any CPU.Build.0 = Release|Any CPU
		{E6A8EC54-201E-4EB6-A587-B5730EE6B754}.Debug|Any CPU.ActiveCfg = Debug|Any CPU
		{E6A8EC54-201E-4EB6-A587-B5730EE6B754}.Debug|Any CPU.Build.0 = Debug|Any CPU
		{E6A8EC54-201E-4EB6-A587-B5730EE6B754}.Release|Any CPU.ActiveCfg = Release|Any CPU
		{E6A8EC54-201E-4EB6-A587-B5730EE6B754}.Release|Any CPU.Build.0 = Release|Any CPU
		{C317A4E3-5EC2-4F60-ADDB-4C4013CC0DC7}.Debug|Any CPU.ActiveCfg = Debug|Any CPU
		{C317A4E3-5EC2-4F60-ADDB-4C4013CC0DC7}.Debug|Any CPU.Build.0 = Debug|Any CPU
		{C317A4E3-5EC2-4F60-ADDB-4C4013CC0DC7}.Release|Any CPU.ActiveCfg = Release|Any CPU
		{C317A4E3-5EC2-4F60-ADDB-4C4013CC0DC7}.Release|Any CPU.Build.0 = Release|Any CPU
		{92D5D0A0-78BA-4832-97A4-C95C154198E2}.Debug|Any CPU.ActiveCfg = Debug|Any CPU
		{92D5D0A0-78BA-4832-97A4-C95C154198E2}.Debug|Any CPU.Build.0 = Debug|Any CPU
		{92D5D0A0-78BA-4832-97A4-C95C154198E2}.Release|Any CPU.ActiveCfg = Release|Any CPU
		{92D5D0A0-78BA-4832-97A4-C95C154198E2}.Release|Any CPU.Build.0 = Release|Any CPU
		{66F56408-FC78-49D0-9FE8-143520B63880}.Debug|Any CPU.ActiveCfg = Debug|Any CPU
		{66F56408-FC78-49D0-9FE8-143520B63880}.Debug|Any CPU.Build.0 = Debug|Any CPU
		{66F56408-FC78-49D0-9FE8-143520B63880}.Release|Any CPU.ActiveCfg = Release|Any CPU
		{66F56408-FC78-49D0-9FE8-143520B63880}.Release|Any CPU.Build.0 = Release|Any CPU
		{700E6764-D4CE-44FF-8660-F8B8BAB1A110}.Debug|Any CPU.ActiveCfg = Debug|Any CPU
		{700E6764-D4CE-44FF-8660-F8B8BAB1A110}.Debug|Any CPU.Build.0 = Debug|Any CPU
		{700E6764-D4CE-44FF-8660-F8B8BAB1A110}.Release|Any CPU.ActiveCfg = Release|Any CPU
		{700E6764-D4CE-44FF-8660-F8B8BAB1A110}.Release|Any CPU.Build.0 = Release|Any CPU
		{20745CAA-566B-43F7-A963-A86FF4E03862}.Debug|Any CPU.ActiveCfg = Debug|Any CPU
		{20745CAA-566B-43F7-A963-A86FF4E03862}.Debug|Any CPU.Build.0 = Debug|Any CPU
		{20745CAA-566B-43F7-A963-A86FF4E03862}.Release|Any CPU.ActiveCfg = Release|Any CPU
		{20745CAA-566B-43F7-A963-A86FF4E03862}.Release|Any CPU.Build.0 = Release|Any CPU
	EndGlobalSection
	GlobalSection(SolutionProperties) = preSolution
		HideSolutionNode = FALSE
	EndGlobalSection
	GlobalSection(NestedProjects) = preSolution
		{719D1C81-5777-452A-8CE6-18A87982B8E1} = {66D52AD1-E749-4E98-A615-275090CA1982}
		{56B94829-D11E-41D0-A3D9-4FC7E7466E19} = {66D52AD1-E749-4E98-A615-275090CA1982}
		{D124FDDC-E48D-4722-94F3-C7EC250A5222} = {66D52AD1-E749-4E98-A615-275090CA1982}
		{9EF64A4A-8232-44F1-BA81-A101891CE078} = {66D52AD1-E749-4E98-A615-275090CA1982}
		{62D894E4-413B-4F7F-9E0B-7F3700272B12} = {66D52AD1-E749-4E98-A615-275090CA1982}
		{B04416D2-A3B4-4D93-BC89-B299E491A636} = {CF2C729B-CFCC-467D-A1DC-8FE9062E2607}
		{30F8EB6A-B72A-4C0F-94BD-5DFEF5FC88B3} = {CF2C729B-CFCC-467D-A1DC-8FE9062E2607}
		{D2DEF295-917E-479F-94A9-4CDC32418D5F} = {CF2C729B-CFCC-467D-A1DC-8FE9062E2607}
		{F6E67264-FFD2-4385-AA00-02F01E4BCC84} = {CF2C729B-CFCC-467D-A1DC-8FE9062E2607}
		{52A5AEE4-39C6-42CC-A5AA-E1904A3E410D} = {CF2C729B-CFCC-467D-A1DC-8FE9062E2607}
		{A0136955-9E30-45E0-AF80-006CB9E5FA83} = {719D1C81-5777-452A-8CE6-18A87982B8E1}
		{6E458DF5-9FFA-4B5B-ACBD-EACC40D06454} = {56B94829-D11E-41D0-A3D9-4FC7E7466E19}
		{8D6A6696-934F-451F-8842-618057E16088} = {D124FDDC-E48D-4722-94F3-C7EC250A5222}
		{D6B4F456-5D69-427E-B3FF-70B2AD4CD530} = {B04416D2-A3B4-4D93-BC89-B299E491A636}
		{C3C29182-A914-4F49-BABF-47F535416B2C} = {30F8EB6A-B72A-4C0F-94BD-5DFEF5FC88B3}
		{F104772C-75FA-4CFE-A08C-92DD4D78790A} = {D2DEF295-917E-479F-94A9-4CDC32418D5F}
		{CB6CD4F5-C5C5-4746-9258-07D596226028} = {9EF64A4A-8232-44F1-BA81-A101891CE078}
		{E724A4F1-BA0B-4914-AF01-D0CC4580EAA2} = {F6E67264-FFD2-4385-AA00-02F01E4BCC84}
		{E6A8EC54-201E-4EB6-A587-B5730EE6B754} = {EA883D05-35B3-435D-894E-2FA4A9197771}
		{C317A4E3-5EC2-4F60-ADDB-4C4013CC0DC7} = {EA883D05-35B3-435D-894E-2FA4A9197771}
		{92D5D0A0-78BA-4832-97A4-C95C154198E2} = {EA883D05-35B3-435D-894E-2FA4A9197771}
		{66F56408-FC78-49D0-9FE8-143520B63880} = {52A5AEE4-39C6-42CC-A5AA-E1904A3E410D}
		{700E6764-D4CE-44FF-8660-F8B8BAB1A110} = {62D894E4-413B-4F7F-9E0B-7F3700272B12}
	EndGlobalSection
	GlobalSection(ExtensibilityGlobals) = postSolution
		SolutionGuid = {0223EBEE-7800-4F29-A52A-1526CD84BC32}
	EndGlobalSection
EndGlobal
